
Microsoft Visual Studio Solution File, Format Version 12.00
# Visual Studio Version 16
VisualStudioVersion = 16.0.30204.135
MinimumVisualStudioVersion = 10.0.40219.1
Project("{FAE04EC0-301F-11D3-BF4B-00C04F79EFBC}") = "NotepadBackend", "NotepadBackend\NotepadBackend.csproj", "{6F9EA757-3BFD-497C-ADB3-8A0F9F1C64FF}"
EndProject
Global
	GlobalSection(SolutionConfigurationPlatforms) = preSolution
		Debug|Any CPU = Debug|Any CPU
		Release|Any CPU = Release|Any CPU
	EndGlobalSection
	GlobalSection(ProjectConfigurationPlatforms) = postSolution
		{6F9EA757-3BFD-497C-ADB3-8A0F9F1C64FF}.Debug|Any CPU.ActiveCfg = Debug|Any CPU
		{6F9EA757-3BFD-497C-ADB3-8A0F9F1C64FF}.Debug|Any CPU.Build.0 = Debug|Any CPU
		{6F9EA757-3BFD-497C-ADB3-8A0F9F1C64FF}.Release|Any CPU.ActiveCfg = Release|Any CPU
		{6F9EA757-3BFD-497C-ADB3-8A0F9F1C64FF}.Release|Any CPU.Build.0 = Release|Any CPU
	EndGlobalSection
	GlobalSection(SolutionProperties) = preSolution
		HideSolutionNode = FALSE
	EndGlobalSection
	GlobalSection(ExtensibilityGlobals) = postSolution
		SolutionGuid = {B85B85C2-6676-4D41-969F-5F0C91084845}
	EndGlobalSection
EndGlobal
